
Microsoft Visual Studio Solution File, Format Version 12.00
# Visual Studio Version 17
VisualStudioVersion = 17.0.31903.59
MinimumVisualStudioVersion = 10.0.40219.1
Project("{FAE04EC0-301F-11D3-BF4B-00C04F79EFBC}") = "SharpGameInput", "source\SharpGameInput.csproj", "{A9B4AF06-B5EC-4A55-A7E6-C74307D0675D}"
EndProject
Project("{FAE04EC0-301F-11D3-BF4B-00C04F79EFBC}") = "SharpGameInput.TestApp", "testapp\SharpGameInput.TestApp.csproj", "{02E28FFE-9CCA-47A0-B47D-33F54B86A7D9}"
EndProject
Project("{FAE04EC0-301F-11D3-BF4B-00C04F79EFBC}") = "SharpGameInput.Tests", "tests\SharpGameInput.Tests.csproj", "{953E3C5B-FE5F-46D3-87FF-15ED2628D888}"
EndProject
Global
	GlobalSection(SolutionConfigurationPlatforms) = preSolution
		Debug|Any CPU = Debug|Any CPU
		Release|Any CPU = Release|Any CPU
	EndGlobalSection
	GlobalSection(SolutionProperties) = preSolution
		HideSolutionNode = FALSE
	EndGlobalSection
	GlobalSection(ProjectConfigurationPlatforms) = postSolution
		{A9B4AF06-B5EC-4A55-A7E6-C74307D0675D}.Debug|Any CPU.ActiveCfg = Debug|Any CPU
		{A9B4AF06-B5EC-4A55-A7E6-C74307D0675D}.Debug|Any CPU.Build.0 = Debug|Any CPU
		{A9B4AF06-B5EC-4A55-A7E6-C74307D0675D}.Release|Any CPU.ActiveCfg = Release|Any CPU
		{A9B4AF06-B5EC-4A55-A7E6-C74307D0675D}.Release|Any CPU.Build.0 = Release|Any CPU
		{02E28FFE-9CCA-47A0-B47D-33F54B86A7D9}.Debug|Any CPU.ActiveCfg = Debug|Any CPU
		{02E28FFE-9CCA-47A0-B47D-33F54B86A7D9}.Debug|Any CPU.Build.0 = Debug|Any CPU
		{02E28FFE-9CCA-47A0-B47D-33F54B86A7D9}.Release|Any CPU.ActiveCfg = Release|Any CPU
		{02E28FFE-9CCA-47A0-B47D-33F54B86A7D9}.Release|Any CPU.Build.0 = Release|Any CPU
		{953E3C5B-FE5F-46D3-87FF-15ED2628D888}.Debug|Any CPU.ActiveCfg = Debug|Any CPU
		{953E3C5B-FE5F-46D3-87FF-15ED2628D888}.Debug|Any CPU.Build.0 = Debug|Any CPU
		{953E3C5B-FE5F-46D3-87FF-15ED2628D888}.Release|Any CPU.ActiveCfg = Release|Any CPU
		{953E3C5B-FE5F-46D3-87FF-15ED2628D888}.Release|Any CPU.Build.0 = Release|Any CPU
	EndGlobalSection
EndGlobal
